<?xml version="1.0" encoding="utf-8"?>
<Project ToolsVersion="4.0" xmlns="http://schemas.microsoft.com/developer/msbuild/2003">
  <ItemGroup>
    <Filter Include="src">
      <UniqueIdentifier>{e8ac8b92-585e-4a69-ba33-8b3025e31c04}</UniqueIdentifier>
    </Filter>
    <Filter Include="thirdparty">
      <UniqueIdentifier>{47574d1b-053f-44e5-ba8f-23ef2301a46e}</UniqueIdentifier>
    </Filter>
    <Filter Include="thirdparty\imgui">
      <UniqueIdentifier>{473cfdb5-9f64-4e7e-85af-7321d31faeef}</UniqueIdentifier>
    </Filter>
  </ItemGroup>
  <ItemGroup>
    <ClCompile Include="client.cpp">
      <Filter>src</Filter>
    </ClCompile>
    <ClCompile Include="..\Thirdparty\ImGUI\imgui.cpp">
      <Filter>thirdparty\imgui</Filter>
    </ClCompile>
    <ClCompile Include="..\Thirdparty\ImGUI\imgui_draw.cpp">
      <Filter>thirdparty\imgui</Filter>
    </ClCompile>
    <ClCompile Include="..\Thirdparty\ImGUI\imgui_impl_sdl2.cpp">
      <Filter>thirdparty\imgui</Filter>
    </ClCompile>
    <ClCompile Include="..\Thirdparty\ImGUI\imgui_impl_sdlrenderer2.cpp">
      <Filter>thirdparty\imgui</Filter>
    </ClCompile>
    <ClCompile Include="..\Thirdparty\ImGUI\imgui_stdlib.cpp">
      <Filter>thirdparty\imgui</Filter>
    </ClCompile>
    <ClCompile Include="..\Thirdparty\ImGUI\imgui_tables.cpp">
      <Filter>thirdparty\imgui</Filter>
    </ClCompile>
    <ClCompile Include="..\Thirdparty\ImGUI\imgui_widgets.cpp">
      <Filter>thirdparty\imgui</Filter>
    </ClCompile>
  </ItemGroup>
</Project>