
Microsoft Visual Studio Solution File, Format Version 12.00
# Visual Studio Version 18
VisualStudioVersion = 18.6.11822.322 stable
MinimumVisualStudioVersion = 10.0.40219.1
Project("{2150E333-8FDC-42A3-9474-1A3956D46DE8}") = "Demo_1", "Demo_1", "{F1929634-E5B6-4F93-9112-3389F2AA9C22}"
EndProject
Project("{2150E333-8FDC-42A3-9474-1A3956D46DE8}") = "Demo_2", "Demo_2", "{96D27BBA-D4D1-4E0D-A614-D98710E9E425}"
EndProject
Project("{8BC9CEB8-8B4A-11D0-8D11-00A0C91BC942}") = "Demo_1_Client", "Demo_1_Client\Demo_1_Client.vcxproj", "{78E5BA80-F970-4A33-8244-FF4794A73F56}"
EndProject
Project("{8BC9CEB8-8B4A-11D0-8D11-00A0C91BC942}") = "Demo_1_Server", "Demo_1_Server\Demo_1_Server.vcxproj", "{9D4C3AEC-BA41-4D1F-A0BF-48A0F156B530}"
EndProject
Project("{8BC9CEB8-8B4A-11D0-8D11-00A0C91BC942}") = "Demo_2_Client", "Demo_2_Client\Demo_2_Client.vcxproj", "{C4288128-B6BE-44EF-A37A-B4500C86B181}"
EndProject
Project("{8BC9CEB8-8B4A-11D0-8D11-00A0C91BC942}") = "Demo_2_Server", "Demo_2_Server\Demo_2_Server.vcxproj", "{3A60E3EC-92EF-4C6A-AE0D-5810D9D15F5B}"
EndProject
Project("{2150E333-8FDC-42A3-9474-1A3956D46DE8}") = "Demo_3", "Demo_3", "{2FB789AE-83EC-40EF-9AAB-46A773D883B9}"
EndProject
Project("{8BC9CEB8-8B4A-11D0-8D11-00A0C91BC942}") = "Demo_3_JSON", "Demo_3_JSON\Demo_3_JSON.vcxproj", "{960B0D5C-72A9-4E95-BB85-4353888BFA2F}"
EndProject
Project("{8BC9CEB8-8B4A-11D0-8D11-00A0C91BC942}") = "Demo_3_MsgPack", "Demo_3_MsgPack\Demo_3_MsgPack.vcxproj", "{3AA9F205-C932-476E-8247-5AF6D24D76D0}"
EndProject
Project("{8BC9CEB8-8B4A-11D0-8D11-00A0C91BC942}") = "Demo_3_Protobuf", "Demo_3_Protobuf\Demo_3_Protobuf.vcxproj", "{3125578D-F2C4-4E11-B373-132DDDD2C11D}"
EndProject
Project("{2150E333-8FDC-42A3-9474-1A3956D46DE8}") = "Demo_4", "Demo_4", "{36BD9FB1-5086-405D-AE4A-45C53FD3DF89}"
EndProject
Project("{2150E333-8FDC-42A3-9474-1A3956D46DE8}") = "Demo_5", "Demo_5", "{CF36E57A-ADFE-45AA-800C-B7046E10D289}"
EndProject
Project("{8BC9CEB8-8B4A-11D0-8D11-00A0C91BC942}") = "Demo_5_Client", "Demo_5_Client\Demo_5_Client.vcxproj", "{87BE7BB3-C768-4581-9AA0-0667403CB07B}"
EndProject
Project("{8BC9CEB8-8B4A-11D0-8D11-00A0C91BC942}") = "Demo_5_Server", "Demo_5_Server\Demo_5_Server.vcxproj", "{808CC840-7F03-403D-87E0-5279D2DD41F9}"
EndProject
Project("{8BC9CEB8-8B4A-11D0-8D11-00A0C91BC942}") = "Demo_6", "Demo_6\Demo_6.vcxproj", "{9ECDCCF0-1259-4FC6-92E3-54B47430545D}"
EndProject
Project("{2150E333-8FDC-42A3-9474-1A3956D46DE8}") = "Demo_7", "Demo_7", "{5914B214-13C0-4991-96F0-4A1217E57B0A}"
EndProject
Project("{8BC9CEB8-8B4A-11D0-8D11-00A0C91BC942}") = "Demo_7_Client", "Demo_7_Client\Demo_7_Client.vcxproj", "{FB3D23DF-2D00-4C1D-87AF-FC8A7113FB36}"
EndProject
Project("{8BC9CEB8-8B4A-11D0-8D11-00A0C91BC942}") = "Demo_7_Server", "Demo_7_Server\Demo_7_Server.vcxproj", "{66583AB6-4BCA-47F0-B7CB-E6A909DB50B8}"
EndProject
Project("{8BC9CEB8-8B4A-11D0-8D11-00A0C91BC942}") = "Demo_4_Client", "Demo_4_Client\Demo_4_Client.vcxproj", "{80999019-26AF-4005-8BA8-61D4F1ED9699}"
EndProject
Project("{8BC9CEB8-8B4A-11D0-8D11-00A0C91BC942}") = "Demo_4_Server", "Demo_4_Server\Demo_4_Server.vcxproj", "{70A1DC4A-EDDB-4A2B-A005-A79DF208B249}"
EndProject
Global
	GlobalSection(SolutionConfigurationPlatforms) = preSolution
		Debug|x64 = Debug|x64
		Debug|x86 = Debug|x86
		Release|x64 = Release|x64
		Release|x86 = Release|x86
	EndGlobalSection
	GlobalSection(ProjectConfigurationPlatforms) = postSolution
		{78E5BA80-F970-4A33-8244-FF4794A73F56}.Debug|x64.ActiveCfg = Debug|x64
		{78E5BA80-F970-4A33-8244-FF4794A73F56}.Debug|x64.Build.0 = Debug|x64
		{78E5BA80-F970-4A33-8244-FF4794A73F56}.Debug|x86.ActiveCfg = Debug|Win32
		{78E5BA80-F970-4A33-8244-FF4794A73F56}.Debug|x86.Build.0 = Debug|Win32
		{78E5BA80-F970-4A33-8244-FF4794A73F56}.Release|x64.ActiveCfg = Release|x64
		{78E5BA80-F970-4A33-8244-FF4794A73F56}.Release|x64.Build.0 = Release|x64
		{78E5BA80-F970-4A33-8244-FF4794A73F56}.Release|x86.ActiveCfg = Release|Win32
		{78E5BA80-F970-4A33-8244-FF4794A73F56}.Release|x86.Build.0 = Release|Win32
		{9D4C3AEC-BA41-4D1F-A0BF-48A0F156B530}.Debug|x64.ActiveCfg = Debug|x64
		{9D4C3AEC-BA41-4D1F-A0BF-48A0F156B530}.Debug|x64.Build.0 = Debug|x64
		{9D4C3AEC-BA41-4D1F-A0BF-48A0F156B530}.Debug|x86.ActiveCfg = Debug|Win32
		{9D4C3AEC-BA41-4D1F-A0BF-48A0F156B530}.Debug|x86.Build.0 = Debug|Win32
		{9D4C3AEC-BA41-4D1F-A0BF-48A0F156B530}.Release|x64.ActiveCfg = Release|x64
		{9D4C3AEC-BA41-4D1F-A0BF-48A0F156B530}.Release|x64.Build.0 = Release|x64
		{9D4C3AEC-BA41-4D1F-A0BF-48A0F156B530}.Release|x86.ActiveCfg = Release|Win32
		{9D4C3AEC-BA41-4D1F-A0BF-48A0F156B530}.Release|x86.Build.0 = Release|Win32
		{C4288128-B6BE-44EF-A37A-B4500C86B181}.Debug|x64.ActiveCfg = Debug|x64
		{C4288128-B6BE-44EF-A37A-B4500C86B181}.Debug|x64.Build.0 = Debug|x64
		{C4288128-B6BE-44EF-A37A-B4500C86B181}.Debug|x86.ActiveCfg = Debug|Win32
		{C4288128-B6BE-44EF-A37A-B4500C86B181}.Debug|x86.Build.0 = Debug|Win32
		{C4288128-B6BE-44EF-A37A-B4500C86B181}.Release|x64.ActiveCfg = Release|x64
		{C4288128-B6BE-44EF-A37A-B4500C86B181}.Release|x64.Build.0 = Release|x64
		{C4288128-B6BE-44EF-A37A-B4500C86B181}.Release|x86.ActiveCfg = Release|Win32
		{C4288128-B6BE-44EF-A37A-B4500C86B181}.Release|x86.Build.0 = Release|Win32
		{3A60E3EC-92EF-4C6A-AE0D-5810D9D15F5B}.Debug|x64.ActiveCfg = Debug|x64
		{3A60E3EC-92EF-4C6A-AE0D-5810D9D15F5B}.Debug|x64.Build.0 = Debug|x64
		{3A60E3EC-92EF-4C6A-AE0D-5810D9D15F5B}.Debug|x86.ActiveCfg = Debug|Win32
		{3A60E3EC-92EF-4C6A-AE0D-5810D9D15F5B}.Debug|x86.Build.0 = Debug|Win32
		{3A60E3EC-92EF-4C6A-AE0D-5810D9D15F5B}.Release|x64.ActiveCfg = Release|x64
		{3A60E3EC-92EF-4C6A-AE0D-5810D9D15F5B}.Release|x64.Build.0 = Release|x64
		{3A60E3EC-92EF-4C6A-AE0D-5810D9D15F5B}.Release|x86.ActiveCfg = Release|Win32
		{3A60E3EC-92EF-4C6A-AE0D-5810D9D15F5B}.Release|x86.Build.0 = Release|Win32
		{960B0D5C-72A9-4E95-BB85-4353888BFA2F}.Debug|x64.ActiveCfg = Debug|x64
		{960B0D5C-72A9-4E95-BB85-4353888BFA2F}.Debug|x64.Build.0 = Debug|x64
		{960B0D5C-72A9-4E95-BB85-4353888BFA2F}.Debug|x86.ActiveCfg = Debug|Win32
		{960B0D5C-72A9-4E95-BB85-4353888BFA2F}.Debug|x86.Build.0 = Debug|Win32
		{960B0D5C-72A9-4E95-BB85-4353888BFA2F}.Release|x64.ActiveCfg = Release|x64
		{960B0D5C-72A9-4E95-BB85-4353888BFA2F}.Release|x64.Build.0 = Release|x64
		{960B0D5C-72A9-4E95-BB85-4353888BFA2F}.Release|x86.ActiveCfg = Release|Win32
		{960B0D5C-72A9-4E95-BB85-4353888BFA2F}.Release|x86.Build.0 = Release|Win32
		{3AA9F205-C932-476E-8247-5AF6D24D76D0}.Debug|x64.ActiveCfg = Debug|x64
		{3AA9F205-C932-476E-8247-5AF6D24D76D0}.Debug|x64.Build.0 = Debug|x64
		{3AA9F205-C932-476E-8247-5AF6D24D76D0}.Debug|x86.ActiveCfg = Debug|Win32
		{3AA9F205-C932-476E-8247-5AF6D24D76D0}.Debug|x86.Build.0 = Debug|Win32
		{3AA9F205-C932-476E-8247-5AF6D24D76D0}.Release|x64.ActiveCfg = Release|x64
		{3AA9F205-C932-476E-8247-5AF6D24D76D0}.Release|x64.Build.0 = Release|x64
		{3AA9F205-C932-476E-8247-5AF6D24D76D0}.Release|x86.ActiveCfg = Release|Win32
		{3AA9F205-C932-476E-8247-5AF6D24D76D0}.Release|x86.Build.0 = Release|Win32
		{3125578D-F2C4-4E11-B373-132DDDD2C11D}.Debug|x64.ActiveCfg = Debug|x64
		{3125578D-F2C4-4E11-B373-132DDDD2C11D}.Debug|x64.Build.0 = Debug|x64
		{3125578D-F2C4-4E11-B373-132DDDD2C11D}.Debug|x86.ActiveCfg = Debug|Win32
		{3125578D-F2C4-4E11-B373-132DDDD2C11D}.Debug|x86.Build.0 = Debug|Win32
		{3125578D-F2C4-4E11-B373-132DDDD2C11D}.Release|x64.ActiveCfg = Release|x64
		{3125578D-F2C4-4E11-B373-132DDDD2C11D}.Release|x64.Build.0 = Release|x64
		{3125578D-F2C4-4E11-B373-132DDDD2C11D}.Release|x86.ActiveCfg = Release|Win32
		{3125578D-F2C4-4E11-B373-132DDDD2C11D}.Release|x86.Build.0 = Release|Win32
		{87BE7BB3-C768-4581-9AA0-0667403CB07B}.Debug|x64.ActiveCfg = Debug|x64
		{87BE7BB3-C768-4581-9AA0-0667403CB07B}.Debug|x64.Build.0 = Debug|x64
		{87BE7BB3-C768-4581-9AA0-0667403CB07B}.Debug|x86.ActiveCfg = Debug|Win32
		{87BE7BB3-C768-4581-9AA0-0667403CB07B}.Debug|x86.Build.0 = Debug|Win32
		{87BE7BB3-C768-4581-9AA0-0667403CB07B}.Release|x64.ActiveCfg = Release|x64
		{87BE7BB3-C768-4581-9AA0-0667403CB07B}.Release|x64.Build.0 = Release|x64
		{87BE7BB3-C768-4581-9AA0-0667403CB07B}.Release|x86.ActiveCfg = Release|Win32
		{87BE7BB3-C768-4581-9AA0-0667403CB07B}.Release|x86.Build.0 = Release|Win32
		{808CC840-7F03-403D-87E0-5279D2DD41F9}.Debug|x64.ActiveCfg = Debug|x64
		{808CC840-7F03-403D-87E0-5279D2DD41F9}.Debug|x64.Build.0 = Debug|x64
		{808CC840-7F03-403D-87E0-5279D2DD41F9}.Debug|x86.ActiveCfg = Debug|Win32
		{808CC840-7F03-403D-87E0-5279D2DD41F9}.Debug|x86.Build.0 = Debug|Win32
		{808CC840-7F03-403D-87E0-5279D2DD41F9}.Release|x64.ActiveCfg = Release|x64
		{808CC840-7F03-403D-87E0-5279D2DD41F9}.Release|x64.Build.0 = Release|x64
		{808CC840-7F03-403D-87E0-5279D2DD41F9}.Release|x86.ActiveCfg = Release|Win32
		{808CC840-7F03-403D-87E0-5279D2DD41F9}.Release|x86.Build.0 = Release|Win32
		{9ECDCCF0-1259-4FC6-92E3-54B47430545D}.Debug|x64.ActiveCfg = Debug|x64
		{9ECDCCF0-1259-4FC6-92E3-54B47430545D}.Debug|x64.Build.0 = Debug|x64
		{9ECDCCF0-1259-4FC6-92E3-54B47430545D}.Debug|x86.ActiveCfg = Debug|Win32
		{9ECDCCF0-1259-4FC6-92E3-54B47430545D}.Debug|x86.Build.0 = Debug|Win32
		{9ECDCCF0-1259-4FC6-92E3-54B47430545D}.Release|x64.ActiveCfg = Release|x64
		{9ECDCCF0-1259-4FC6-92E3-54B47430545D}.Release|x64.Build.0 = Release|x64
		{9ECDCCF0-1259-4FC6-92E3-54B47430545D}.Release|x86.ActiveCfg = Release|Win32
		{9ECDCCF0-1259-4FC6-92E3-54B47430545D}.Release|x86.Build.0 = Release|Win32
		{FB3D23DF-2D00-4C1D-87AF-FC8A7113FB36}.Debug|x64.ActiveCfg = Debug|x64
		{FB3D23DF-2D00-4C1D-87AF-FC8A7113FB36}.Debug|x64.Build.0 = Debug|x64
		{FB3D23DF-2D00-4C1D-87AF-FC8A7113FB36}.Debug|x86.ActiveCfg = Debug|Win32
		{FB3D23DF-2D00-4C1D-87AF-FC8A7113FB36}.Debug|x86.Build.0 = Debug|Win32
		{FB3D23DF-2D00-4C1D-87AF-FC8A7113FB36}.Release|x64.ActiveCfg = Release|x64
		{FB3D23DF-2D00-4C1D-87AF-FC8A7113FB36}.Release|x64.Build.0 = Release|x64
		{FB3D23DF-2D00-4C1D-87AF-FC8A7113FB36}.Release|x86.ActiveCfg = Release|Win32
		{FB3D23DF-2D00-4C1D-87AF-FC8A7113FB36}.Release|x86.Build.0 = Release|Win32
		{66583AB6-4BCA-47F0-B7CB-E6A909DB50B8}.Debug|x64.ActiveCfg = Debug|x64
		{66583AB6-4BCA-47F0-B7CB-E6A909DB50B8}.Debug|x64.Build.0 = Debug|x64
		{66583AB6-4BCA-47F0-B7CB-E6A909DB50B8}.Debug|x86.ActiveCfg = Debug|Win32
		{66583AB6-4BCA-47F0-B7CB-E6A909DB50B8}.Debug|x86.Build.0 = Debug|Win32
		{66583AB6-4BCA-47F0-B7CB-E6A909DB50B8}.Release|x64.ActiveCfg = Release|x64
		{66583AB6-4BCA-47F0-B7CB-E6A909DB50B8}.Release|x64.Build.0 = Release|x64
		{66583AB6-4BCA-47F0-B7CB-E6A909DB50B8}.Release|x86.ActiveCfg = Release|Win32
		{66583AB6-4BCA-47F0-B7CB-E6A909DB50B8}.Release|x86.Build.0 = Release|Win32
		{80999019-26AF-4005-8BA8-61D4F1ED9699}.Debug|x64.ActiveCfg = Debug|x64
		{80999019-26AF-4005-8BA8-61D4F1ED9699}.Debug|x64.Build.0 = Debug|x64
		{80999019-26AF-4005-8BA8-61D4F1ED9699}.Debug|x86.ActiveCfg = Debug|Win32
		{80999019-26AF-4005-8BA8-61D4F1ED9699}.Debug|x86.Build.0 = Debug|Win32
		{80999019-26AF-4005-8BA8-61D4F1ED9699}.Release|x64.ActiveCfg = Release|x64
		{80999019-26AF-4005-8BA8-61D4F1ED9699}.Release|x64.Build.0 = Release|x64
		{80999019-26AF-4005-8BA8-61D4F1ED9699}.Release|x86.ActiveCfg = Release|Win32
		{80999019-26AF-4005-8BA8-61D4F1ED9699}.Release|x86.Build.0 = Release|Win32
		{70A1DC4A-EDDB-4A2B-A005-A79DF208B249}.Debug|x64.ActiveCfg = Debug|x64
		{70A1DC4A-EDDB-4A2B-A005-A79DF208B249}.Debug|x64.Build.0 = Debug|x64
		{70A1DC4A-EDDB-4A2B-A005-A79DF208B249}.Debug|x86.ActiveCfg = Debug|Win32
		{70A1DC4A-EDDB-4A2B-A005-A79DF208B249}.Debug|x86.Build.0 = Debug|Win32
		{70A1DC4A-EDDB-4A2B-A005-A79DF208B249}.Release|x64.ActiveCfg = Release|x64
		{70A1DC4A-EDDB-4A2B-A005-A79DF208B249}.Release|x64.Build.0 = Release|x64
		{70A1DC4A-EDDB-4A2B-A005-A79DF208B249}.Release|x86.ActiveCfg = Release|Win32
		{70A1DC4A-EDDB-4A2B-A005-A79DF208B249}.Release|x86.Build.0 = Release|Win32
	EndGlobalSection
	GlobalSection(SolutionProperties) = preSolution
		HideSolutionNode = FALSE
	EndGlobalSection
	GlobalSection(NestedProjects) = preSolution
		{78E5BA80-F970-4A33-8244-FF4794A73F56} = {F1929634-E5B6-4F93-9112-3389F2AA9C22}
		{9D4C3AEC-BA41-4D1F-A0BF-48A0F156B530} = {F1929634-E5B6-4F93-9112-3389F2AA9C22}
		{C4288128-B6BE-44EF-A37A-B4500C86B181} = {96D27BBA-D4D1-4E0D-A614-D98710E9E425}
		{3A60E3EC-92EF-4C6A-AE0D-5810D9D15F5B} = {96D27BBA-D4D1-4E0D-A614-D98710E9E425}
		{960B0D5C-72A9-4E95-BB85-4353888BFA2F} = {2FB789AE-83EC-40EF-9AAB-46A773D883B9}
		{3AA9F205-C932-476E-8247-5AF6D24D76D0} = {2FB789AE-83EC-40EF-9AAB-46A773D883B9}
		{3125578D-F2C4-4E11-B373-132DDDD2C11D} = {2FB789AE-83EC-40EF-9AAB-46A773D883B9}
		{87BE7BB3-C768-4581-9AA0-0667403CB07B} = {CF36E57A-ADFE-45AA-800C-B7046E10D289}
		{808CC840-7F03-403D-87E0-5279D2DD41F9} = {CF36E57A-ADFE-45AA-800C-B7046E10D289}
		{FB3D23DF-2D00-4C1D-87AF-FC8A7113FB36} = {5914B214-13C0-4991-96F0-4A1217E57B0A}
		{66583AB6-4BCA-47F0-B7CB-E6A909DB50B8} = {5914B214-13C0-4991-96F0-4A1217E57B0A}
		{80999019-26AF-4005-8BA8-61D4F1ED9699} = {36BD9FB1-5086-405D-AE4A-45C53FD3DF89}
		{70A1DC4A-EDDB-4A2B-A005-A79DF208B249} = {36BD9FB1-5086-405D-AE4A-45C53FD3DF89}
	EndGlobalSection
EndGlobal
